{
  "requires": true,
  "lockfileVersion": 1,
  "dependencies": {
    "@types/lodash": {
      "version": "4.14.135",
      "resolved": "https://registry.npm.taobao.org/@types/lodash/download/@types/lodash-4.14.135.tgz?cache=0&sync_timestamp=1561570663899&other_urls=https%3A%2F%2Fregistry.npm.taobao.org%2F%40types%2Flodash%2Fdownload%2F%40types%2Flodash-4.14.135.tgz",
      "integrity": "sha1-0mB8Nd1o9wwrNboCDGZ0k97dhEc="
    }
  }
}
